
Microsoft Visual Studio Solution File, Format Version 12.00
# Visual Studio Version 17
VisualStudioVersion = 17.0.31903.59
MinimumVisualStudioVersion = 10.0.40219.1
Project("{FAE04EC0-301F-11D3-BF4B-00C04F79EFBC}") = "Zap.Api", "Zap.Api\Zap.Api.csproj", "{4B118A98-18B9-4375-A64C-EB3728B8B29A}"
EndProject
Project("{FAE04EC0-301F-11D3-BF4B-00C04F79EFBC}") = "Zap.DataAccess", "Zap.DataAccess\Zap.DataAccess.csproj", "{053F833C-1DB7-4CA4-9BB9-1AF568A20B87}"
EndProject
Global
	GlobalSection(SolutionConfigurationPlatforms) = preSolution
		Debug|Any CPU = Debug|Any CPU
		Release|Any CPU = Release|Any CPU
	EndGlobalSection
	GlobalSection(SolutionProperties) = preSolution
		HideSolutionNode = FALSE
	EndGlobalSection
	GlobalSection(ProjectConfigurationPlatforms) = postSolution
		{4B118A98-18B9-4375-A64C-EB3728B8B29A}.Debug|Any CPU.ActiveCfg = Debug|Any CPU
		{4B118A98-18B9-4375-A64C-EB3728B8B29A}.Debug|Any CPU.Build.0 = Debug|Any CPU
		{4B118A98-18B9-4375-A64C-EB3728B8B29A}.Release|Any CPU.ActiveCfg = Release|Any CPU
		{4B118A98-18B9-4375-A64C-EB3728B8B29A}.Release|Any CPU.Build.0 = Release|Any CPU
		{053F833C-1DB7-4CA4-9BB9-1AF568A20B87}.Debug|Any CPU.ActiveCfg = Debug|Any CPU
		{053F833C-1DB7-4CA4-9BB9-1AF568A20B87}.Debug|Any CPU.Build.0 = Debug|Any CPU
		{053F833C-1DB7-4CA4-9BB9-1AF568A20B87}.Release|Any CPU.ActiveCfg = Release|Any CPU
		{053F833C-1DB7-4CA4-9BB9-1AF568A20B87}.Release|Any CPU.Build.0 = Release|Any CPU
	EndGlobalSection
EndGlobal
